
Microsoft Visual Studio Solution File, Format Version 12.00
# Visual Studio 2013
VisualStudioVersion = 12.0.31101.0
MinimumVisualStudioVersion = 10.0.40219.1
Project("{FAE04EC0-301F-11D3-BF4B-00C04F79EFBC}") = "Framework", "Framework\Framework.csproj", "{6F5D2EAD-726D-4FE5-A575-AEB96D1CCE37}"
EndProject
Project("{FAE04EC0-301F-11D3-BF4B-00C04F79EFBC}") = "FrameworkUnitTests", "FrameworkUnitTests\FrameworkUnitTests.csproj", "{6639DA74-9063-4A7C-9484-0A71C4FB5C18}"
EndProject
Project("{2150E333-8FDC-42A3-9474-1A3956D46DE8}") = ".nuget", ".nuget", "{501E1168-418C-4832-B88C-617735BD02C9}"
	ProjectSection(SolutionItems) = preProject
		.nuget\NuGet.Config = .nuget\NuGet.Config
		.nuget\NuGet.exe = .nuget\NuGet.exe
		.nuget\NuGet.targets = .nuget\NuGet.targets
	EndProjectSection
EndProject
Global
	GlobalSection(SolutionConfigurationPlatforms) = preSolution
		Debug|Any CPU = Debug|Any CPU
		Release|Any CPU = Release|Any CPU
	EndGlobalSection
	GlobalSection(ProjectConfigurationPlatforms) = postSolution
		{6F5D2EAD-726D-4FE5-A575-AEB96D1CCE37}.Debug|Any CPU.ActiveCfg = Debug|Any CPU
		{6F5D2EAD-726D-4FE5-A575-AEB96D1CCE37}.Debug|Any CPU.Build.0 = Debug|Any CPU
		{6F5D2EAD-726D-4FE5-A575-AEB96D1CCE37}.Release|Any CPU.ActiveCfg = Release|Any CPU
		{6F5D2EAD-726D-4FE5-A575-AEB96D1CCE37}.Release|Any CPU.Build.0 = Release|Any CPU
		{6639DA74-9063-4A7C-9484-0A71C4FB5C18}.Debug|Any CPU.ActiveCfg = Debug|Any CPU
		{6639DA74-9063-4A7C-9484-0A71C4FB5C18}.Debug|Any CPU.Build.0 = Debug|Any CPU
		{6639DA74-9063-4A7C-9484-0A71C4FB5C18}.Release|Any CPU.ActiveCfg = Release|Any CPU
		{6639DA74-9063-4A7C-9484-0A71C4FB5C18}.Release|Any CPU.Build.0 = Release|Any CPU
	EndGlobalSection
	GlobalSection(SolutionProperties) = preSolution
		HideSolutionNode = FALSE
	EndGlobalSection
	GlobalSection(ExtensibilityGlobals) = postSolution
		EnterpriseLibraryConfigurationToolBinariesPath = packages\TransientFaultHandling.Core.5.1.1209.1\lib\NET4
	EndGlobalSection
EndGlobal
