
Microsoft Visual Studio Solution File, Format Version 12.00
# Visual Studio 2012
Project("{FAE04EC0-301F-11D3-BF4B-00C04F79EFBC}") = "DurableTaskSamples", "Samples\DurableTaskSamples\DurableTaskSamples.csproj", "{BC204374-927C-4A48-8473-F5BF8C97EAEA}"
EndProject
Project("{FAE04EC0-301F-11D3-BF4B-00C04F79EFBC}") = "Framework", "Framework\Framework.csproj", "{6F5D2EAD-726D-4FE5-A575-AEB96D1CCE37}"
EndProject
Project("{FAE04EC0-301F-11D3-BF4B-00C04F79EFBC}") = "DurableTaskSamplesUnitTests", "Samples\DurableTaskSamplesUnitTests\DurableTaskSamplesUnitTests.csproj", "{1F20B608-0206-4B58-8C0B-CB7430A880FD}"
EndProject
Project("{2150E333-8FDC-42A3-9474-1A3956D46DE8}") = ".nuget", ".nuget", "{D401FF8B-D1B0-4CBC-AC8C-B6E56BDF7377}"
	ProjectSection(SolutionItems) = preProject
		.nuget\NuGet.Config = .nuget\NuGet.Config
		.nuget\NuGet.exe = .nuget\NuGet.exe
		.nuget\NuGet.targets = .nuget\NuGet.targets
	EndProjectSection
EndProject
Global
	GlobalSection(SolutionConfigurationPlatforms) = preSolution
		Debug|Any CPU = Debug|Any CPU
		Release|Any CPU = Release|Any CPU
	EndGlobalSection
	GlobalSection(ProjectConfigurationPlatforms) = postSolution
		{BC204374-927C-4A48-8473-F5BF8C97EAEA}.Debug|Any CPU.ActiveCfg = Debug|Any CPU
		{BC204374-927C-4A48-8473-F5BF8C97EAEA}.Debug|Any CPU.Build.0 = Debug|Any CPU
		{BC204374-927C-4A48-8473-F5BF8C97EAEA}.Release|Any CPU.ActiveCfg = Release|Any CPU
		{BC204374-927C-4A48-8473-F5BF8C97EAEA}.Release|Any CPU.Build.0 = Release|Any CPU
		{6F5D2EAD-726D-4FE5-A575-AEB96D1CCE37}.Debug|Any CPU.ActiveCfg = Debug|Any CPU
		{6F5D2EAD-726D-4FE5-A575-AEB96D1CCE37}.Debug|Any CPU.Build.0 = Debug|Any CPU
		{6F5D2EAD-726D-4FE5-A575-AEB96D1CCE37}.Release|Any CPU.ActiveCfg = Release|Any CPU
		{6F5D2EAD-726D-4FE5-A575-AEB96D1CCE37}.Release|Any CPU.Build.0 = Release|Any CPU
		{1F20B608-0206-4B58-8C0B-CB7430A880FD}.Debug|Any CPU.ActiveCfg = Debug|Any CPU
		{1F20B608-0206-4B58-8C0B-CB7430A880FD}.Debug|Any CPU.Build.0 = Debug|Any CPU
		{1F20B608-0206-4B58-8C0B-CB7430A880FD}.Release|Any CPU.ActiveCfg = Release|Any CPU
		{1F20B608-0206-4B58-8C0B-CB7430A880FD}.Release|Any CPU.Build.0 = Release|Any CPU
	EndGlobalSection
	GlobalSection(SolutionProperties) = preSolution
		HideSolutionNode = FALSE
	EndGlobalSection
	GlobalSection(ExtensibilityGlobals) = postSolution
		EnterpriseLibraryConfigurationToolBinariesPath = packages\TransientFaultHandling.Core.5.1.1209.1\lib\NET4
	EndGlobalSection
EndGlobal
