
Microsoft Visual Studio Solution File, Format Version 12.00
# Visual Studio 14
VisualStudioVersion = 14.0.25123.0
MinimumVisualStudioVersion = 10.0.40219.1
Project("{FAE04EC0-301F-11D3-BF4B-00C04F79EFBC}") = "DurableTask.AzureStorage", "src\DurableTask.AzureStorage\DurableTask.AzureStorage.csproj", "{A53DDB55-A6B7-474D-B404-40E7C35005B6}"
EndProject
Project("{FAE04EC0-301F-11D3-BF4B-00C04F79EFBC}") = "DurableTask.Framework", "src\DurableTask.Framework\DurableTask.Framework.csproj", "{6F5D2EAD-726D-4FE5-A575-AEB96D1CCE37}"
EndProject
Global
	GlobalSection(SolutionConfigurationPlatforms) = preSolution
		Debug|Any CPU = Debug|Any CPU
		Release|Any CPU = Release|Any CPU
	EndGlobalSection
	GlobalSection(ProjectConfigurationPlatforms) = postSolution
		{A53DDB55-A6B7-474D-B404-40E7C35005B6}.Debug|Any CPU.ActiveCfg = Debug|Any CPU
		{A53DDB55-A6B7-474D-B404-40E7C35005B6}.Debug|Any CPU.Build.0 = Debug|Any CPU
		{A53DDB55-A6B7-474D-B404-40E7C35005B6}.Release|Any CPU.ActiveCfg = Release|Any CPU
		{A53DDB55-A6B7-474D-B404-40E7C35005B6}.Release|Any CPU.Build.0 = Release|Any CPU
		{6F5D2EAD-726D-4FE5-A575-AEB96D1CCE37}.Debug|Any CPU.ActiveCfg = Debug|Any CPU
		{6F5D2EAD-726D-4FE5-A575-AEB96D1CCE37}.Debug|Any CPU.Build.0 = Debug|Any CPU
		{6F5D2EAD-726D-4FE5-A575-AEB96D1CCE37}.Release|Any CPU.ActiveCfg = Release|Any CPU
		{6F5D2EAD-726D-4FE5-A575-AEB96D1CCE37}.Release|Any CPU.Build.0 = Release|Any CPU
	EndGlobalSection
	GlobalSection(SolutionProperties) = preSolution
		HideSolutionNode = FALSE
	EndGlobalSection
EndGlobal
