
Microsoft Visual Studio Solution File, Format Version 12.00
# Visual Studio 15
VisualStudioVersion = 15.0.26403.7
MinimumVisualStudioVersion = 10.0.40219.1
Project("{2150E333-8FDC-42A3-9474-1A3956D46DE8}") = ".nuget", ".nuget", "{501E1168-418C-4832-B88C-617735BD02C9}"
	ProjectSection(SolutionItems) = preProject
		.nuget\NuGet.Config = .nuget\NuGet.Config
		.nuget\NuGet.exe = .nuget\NuGet.exe
		.nuget\NuGet.targets = .nuget\NuGet.targets
	EndProjectSection
EndProject
Project("{2150E333-8FDC-42A3-9474-1A3956D46DE8}") = "src", "src", "{0AE737F5-4AA1-402F-A61C-258CA00E282C}"
EndProject
Project("{2150E333-8FDC-42A3-9474-1A3956D46DE8}") = "Test", "Test", "{5177D1DE-AC86-41B9-8D04-41988A7C2208}"
EndProject
Project("{2150E333-8FDC-42A3-9474-1A3956D46DE8}") = "TestFabricApplication", "TestFabricApplication", "{507C0CC2-082F-4EB7-8984-E2648976EB04}"
EndProject
Project("{A07B5EB6-E848-4116-A8D0-A826331D98C6}") = "TestFabricApplication", "Test\TestFabricApplication\TestFabricApplication\TestFabricApplication.sfproj", "{CA924781-AE52-45FA-A817-C39C822FB782}"
EndProject
Project("{FAE04EC0-301F-11D3-BF4B-00C04F79EFBC}") = "TestStatefulService", "Test\TestFabricApplication\TestStatefulService\TestStatefulService.csproj", "{95D6C9C7-F7A0-4125-840D-1854BEC24978}"
EndProject
Project("{FAE04EC0-301F-11D3-BF4B-00C04F79EFBC}") = "TestApplication.Common", "Test\TestFabricApplication\TestApplication.Common\TestApplication.Common.csproj", "{EA90334D-3194-4266-81EB-EECA9C760315}"
EndProject
Project("{FAE04EC0-301F-11D3-BF4B-00C04F79EFBC}") = "DurableTask.ServiceFabric", "src\DurableTask.ServiceFabric\DurableTask.ServiceFabric.csproj", "{5C617B24-4902-4992-8F71-AB14F00B74A8}"
EndProject
Project("{FAE04EC0-301F-11D3-BF4B-00C04F79EFBC}") = "DurableTask.Framework", "src\DurableTask.Framework\DurableTask.Framework.csproj", "{6F5D2EAD-726D-4FE5-A575-AEB96D1CCE37}"
EndProject
Project("{FAE04EC0-301F-11D3-BF4B-00C04F79EFBC}") = "DurableTask.ServiceFabric.Test", "Test\DurableTask.ServiceFabric.Test\DurableTask.ServiceFabric.Test.csproj", "{EDC63DDB-8397-4AEC-BF54-6395B2527075}"
EndProject
Project("{FAE04EC0-301F-11D3-BF4B-00C04F79EFBC}") = "DurableTask.Stress.Tests", "Test\DurableTask.Stress.Tests\DurableTask.Stress.Tests.csproj", "{96980359-8003-4500-B97B-949A7FE01F31}"
EndProject
Project("{FAE04EC0-301F-11D3-BF4B-00C04F79EFBC}") = "DurableTask.ServiceBus.Tests", "Test\DurableTask.ServiceBus.Tests\DurableTask.ServiceBus.Tests.csproj", "{6639DA74-9063-4A7C-9484-0A71C4FB5C18}"
EndProject
Project("{FAE04EC0-301F-11D3-BF4B-00C04F79EFBC}") = "DurableTask.Framework.Tests", "Test\DurableTask.Framework.Tests\DurableTask.Framework.Tests.csproj", "{879670A7-919B-4AF9-8AFB-7C4EDAA0CC04}"
EndProject
Project("{FAE04EC0-301F-11D3-BF4B-00C04F79EFBC}") = "DurableTask.Test.Orchestrations", "Test\DurableTask.Test.Orchestrations\DurableTask.Test.Orchestrations.csproj", "{2BC2A5AD-4200-41B9-A034-332BB1D7187B}"
EndProject
Project("{FAE04EC0-301F-11D3-BF4B-00C04F79EFBC}") = "DurableTask.ServiceFabric.Failover.Tests", "Test\DurableTask.ServiceFabric.Stress.Tests\DurableTask.ServiceFabric.Failover.Tests.csproj", "{BE4624F3-E565-428F-9EED-E6847530746A}"
EndProject
Project("{FAE04EC0-301F-11D3-BF4B-00C04F79EFBC}") = "DurableTask.ServiceFabric.UnitTests", "Test\DurableTask.ServiceFabric.UnitTests\DurableTask.ServiceFabric.UnitTests.csproj", "{31C9C932-6376-46D4-A68A-A0A7F2726D38}"
EndProject
Global
	GlobalSection(SolutionConfigurationPlatforms) = preSolution
		Debug|Any CPU = Debug|Any CPU
		Debug|x64 = Debug|x64
		Release|Any CPU = Release|Any CPU
		Release|x64 = Release|x64
	EndGlobalSection
	GlobalSection(ProjectConfigurationPlatforms) = postSolution
		{CA924781-AE52-45FA-A817-C39C822FB782}.Debug|Any CPU.ActiveCfg = Debug|x64
		{CA924781-AE52-45FA-A817-C39C822FB782}.Debug|x64.ActiveCfg = Debug|x64
		{CA924781-AE52-45FA-A817-C39C822FB782}.Debug|x64.Build.0 = Debug|x64
		{CA924781-AE52-45FA-A817-C39C822FB782}.Debug|x64.Deploy.0 = Debug|x64
		{CA924781-AE52-45FA-A817-C39C822FB782}.Release|Any CPU.ActiveCfg = Release|x64
		{CA924781-AE52-45FA-A817-C39C822FB782}.Release|x64.ActiveCfg = Release|x64
		{CA924781-AE52-45FA-A817-C39C822FB782}.Release|x64.Build.0 = Release|x64
		{CA924781-AE52-45FA-A817-C39C822FB782}.Release|x64.Deploy.0 = Release|x64
		{95D6C9C7-F7A0-4125-840D-1854BEC24978}.Debug|Any CPU.ActiveCfg = Debug|x64
		{95D6C9C7-F7A0-4125-840D-1854BEC24978}.Debug|x64.ActiveCfg = Debug|x64
		{95D6C9C7-F7A0-4125-840D-1854BEC24978}.Debug|x64.Build.0 = Debug|x64
		{95D6C9C7-F7A0-4125-840D-1854BEC24978}.Release|Any CPU.ActiveCfg = Release|x64
		{95D6C9C7-F7A0-4125-840D-1854BEC24978}.Release|x64.ActiveCfg = Release|x64
		{95D6C9C7-F7A0-4125-840D-1854BEC24978}.Release|x64.Build.0 = Release|x64
		{EA90334D-3194-4266-81EB-EECA9C760315}.Debug|Any CPU.ActiveCfg = Debug|Any CPU
		{EA90334D-3194-4266-81EB-EECA9C760315}.Debug|Any CPU.Build.0 = Debug|Any CPU
		{EA90334D-3194-4266-81EB-EECA9C760315}.Debug|x64.ActiveCfg = Debug|Any CPU
		{EA90334D-3194-4266-81EB-EECA9C760315}.Debug|x64.Build.0 = Debug|Any CPU
		{EA90334D-3194-4266-81EB-EECA9C760315}.Release|Any CPU.ActiveCfg = Release|Any CPU
		{EA90334D-3194-4266-81EB-EECA9C760315}.Release|Any CPU.Build.0 = Release|Any CPU
		{EA90334D-3194-4266-81EB-EECA9C760315}.Release|x64.ActiveCfg = Release|Any CPU
		{EA90334D-3194-4266-81EB-EECA9C760315}.Release|x64.Build.0 = Release|Any CPU
		{5C617B24-4902-4992-8F71-AB14F00B74A8}.Debug|Any CPU.ActiveCfg = Debug|Any CPU
		{5C617B24-4902-4992-8F71-AB14F00B74A8}.Debug|Any CPU.Build.0 = Debug|Any CPU
		{5C617B24-4902-4992-8F71-AB14F00B74A8}.Debug|x64.ActiveCfg = Debug|Any CPU
		{5C617B24-4902-4992-8F71-AB14F00B74A8}.Debug|x64.Build.0 = Debug|Any CPU
		{5C617B24-4902-4992-8F71-AB14F00B74A8}.Release|Any CPU.ActiveCfg = Release|Any CPU
		{5C617B24-4902-4992-8F71-AB14F00B74A8}.Release|Any CPU.Build.0 = Release|Any CPU
		{5C617B24-4902-4992-8F71-AB14F00B74A8}.Release|x64.ActiveCfg = Release|Any CPU
		{5C617B24-4902-4992-8F71-AB14F00B74A8}.Release|x64.Build.0 = Release|Any CPU
		{6F5D2EAD-726D-4FE5-A575-AEB96D1CCE37}.Debug|Any CPU.ActiveCfg = Debug|Any CPU
		{6F5D2EAD-726D-4FE5-A575-AEB96D1CCE37}.Debug|Any CPU.Build.0 = Debug|Any CPU
		{6F5D2EAD-726D-4FE5-A575-AEB96D1CCE37}.Debug|x64.ActiveCfg = Debug|Any CPU
		{6F5D2EAD-726D-4FE5-A575-AEB96D1CCE37}.Debug|x64.Build.0 = Debug|Any CPU
		{6F5D2EAD-726D-4FE5-A575-AEB96D1CCE37}.Release|Any CPU.ActiveCfg = Release|Any CPU
		{6F5D2EAD-726D-4FE5-A575-AEB96D1CCE37}.Release|Any CPU.Build.0 = Release|Any CPU
		{6F5D2EAD-726D-4FE5-A575-AEB96D1CCE37}.Release|x64.ActiveCfg = Release|Any CPU
		{6F5D2EAD-726D-4FE5-A575-AEB96D1CCE37}.Release|x64.Build.0 = Release|Any CPU
		{EDC63DDB-8397-4AEC-BF54-6395B2527075}.Debug|Any CPU.ActiveCfg = Debug|Any CPU
		{EDC63DDB-8397-4AEC-BF54-6395B2527075}.Debug|Any CPU.Build.0 = Debug|Any CPU
		{EDC63DDB-8397-4AEC-BF54-6395B2527075}.Debug|x64.ActiveCfg = Debug|Any CPU
		{EDC63DDB-8397-4AEC-BF54-6395B2527075}.Debug|x64.Build.0 = Debug|Any CPU
		{EDC63DDB-8397-4AEC-BF54-6395B2527075}.Release|Any CPU.ActiveCfg = Release|Any CPU
		{EDC63DDB-8397-4AEC-BF54-6395B2527075}.Release|Any CPU.Build.0 = Release|Any CPU
		{EDC63DDB-8397-4AEC-BF54-6395B2527075}.Release|x64.ActiveCfg = Release|Any CPU
		{EDC63DDB-8397-4AEC-BF54-6395B2527075}.Release|x64.Build.0 = Release|Any CPU
		{96980359-8003-4500-B97B-949A7FE01F31}.Debug|Any CPU.ActiveCfg = Debug|Any CPU
		{96980359-8003-4500-B97B-949A7FE01F31}.Debug|Any CPU.Build.0 = Debug|Any CPU
		{96980359-8003-4500-B97B-949A7FE01F31}.Debug|x64.ActiveCfg = Debug|Any CPU
		{96980359-8003-4500-B97B-949A7FE01F31}.Debug|x64.Build.0 = Debug|Any CPU
		{96980359-8003-4500-B97B-949A7FE01F31}.Release|Any CPU.ActiveCfg = Release|Any CPU
		{96980359-8003-4500-B97B-949A7FE01F31}.Release|Any CPU.Build.0 = Release|Any CPU
		{96980359-8003-4500-B97B-949A7FE01F31}.Release|x64.ActiveCfg = Release|Any CPU
		{96980359-8003-4500-B97B-949A7FE01F31}.Release|x64.Build.0 = Release|Any CPU
		{6639DA74-9063-4A7C-9484-0A71C4FB5C18}.Debug|Any CPU.ActiveCfg = Debug|Any CPU
		{6639DA74-9063-4A7C-9484-0A71C4FB5C18}.Debug|Any CPU.Build.0 = Debug|Any CPU
		{6639DA74-9063-4A7C-9484-0A71C4FB5C18}.Debug|x64.ActiveCfg = Debug|Any CPU
		{6639DA74-9063-4A7C-9484-0A71C4FB5C18}.Debug|x64.Build.0 = Debug|Any CPU
		{6639DA74-9063-4A7C-9484-0A71C4FB5C18}.Release|Any CPU.ActiveCfg = Release|Any CPU
		{6639DA74-9063-4A7C-9484-0A71C4FB5C18}.Release|Any CPU.Build.0 = Release|Any CPU
		{6639DA74-9063-4A7C-9484-0A71C4FB5C18}.Release|x64.ActiveCfg = Release|Any CPU
		{6639DA74-9063-4A7C-9484-0A71C4FB5C18}.Release|x64.Build.0 = Release|Any CPU
		{879670A7-919B-4AF9-8AFB-7C4EDAA0CC04}.Debug|Any CPU.ActiveCfg = Debug|Any CPU
		{879670A7-919B-4AF9-8AFB-7C4EDAA0CC04}.Debug|Any CPU.Build.0 = Debug|Any CPU
		{879670A7-919B-4AF9-8AFB-7C4EDAA0CC04}.Debug|x64.ActiveCfg = Debug|Any CPU
		{879670A7-919B-4AF9-8AFB-7C4EDAA0CC04}.Debug|x64.Build.0 = Debug|Any CPU
		{879670A7-919B-4AF9-8AFB-7C4EDAA0CC04}.Release|Any CPU.ActiveCfg = Release|Any CPU
		{879670A7-919B-4AF9-8AFB-7C4EDAA0CC04}.Release|Any CPU.Build.0 = Release|Any CPU
		{879670A7-919B-4AF9-8AFB-7C4EDAA0CC04}.Release|x64.ActiveCfg = Release|Any CPU
		{879670A7-919B-4AF9-8AFB-7C4EDAA0CC04}.Release|x64.Build.0 = Release|Any CPU
		{2BC2A5AD-4200-41B9-A034-332BB1D7187B}.Debug|Any CPU.ActiveCfg = Debug|Any CPU
		{2BC2A5AD-4200-41B9-A034-332BB1D7187B}.Debug|Any CPU.Build.0 = Debug|Any CPU
		{2BC2A5AD-4200-41B9-A034-332BB1D7187B}.Debug|x64.ActiveCfg = Debug|Any CPU
		{2BC2A5AD-4200-41B9-A034-332BB1D7187B}.Debug|x64.Build.0 = Debug|Any CPU
		{2BC2A5AD-4200-41B9-A034-332BB1D7187B}.Release|Any CPU.ActiveCfg = Release|Any CPU
		{2BC2A5AD-4200-41B9-A034-332BB1D7187B}.Release|Any CPU.Build.0 = Release|Any CPU
		{2BC2A5AD-4200-41B9-A034-332BB1D7187B}.Release|x64.ActiveCfg = Release|Any CPU
		{2BC2A5AD-4200-41B9-A034-332BB1D7187B}.Release|x64.Build.0 = Release|Any CPU
		{BE4624F3-E565-428F-9EED-E6847530746A}.Debug|Any CPU.ActiveCfg = Debug|x64
		{BE4624F3-E565-428F-9EED-E6847530746A}.Debug|x64.ActiveCfg = Debug|x64
		{BE4624F3-E565-428F-9EED-E6847530746A}.Debug|x64.Build.0 = Debug|x64
		{BE4624F3-E565-428F-9EED-E6847530746A}.Release|Any CPU.ActiveCfg = Release|x64
		{BE4624F3-E565-428F-9EED-E6847530746A}.Release|x64.ActiveCfg = Release|x64
		{BE4624F3-E565-428F-9EED-E6847530746A}.Release|x64.Build.0 = Release|x64
		{31C9C932-6376-46D4-A68A-A0A7F2726D38}.Debug|Any CPU.ActiveCfg = Debug|Any CPU
		{31C9C932-6376-46D4-A68A-A0A7F2726D38}.Debug|Any CPU.Build.0 = Debug|Any CPU
		{31C9C932-6376-46D4-A68A-A0A7F2726D38}.Debug|x64.ActiveCfg = Debug|Any CPU
		{31C9C932-6376-46D4-A68A-A0A7F2726D38}.Debug|x64.Build.0 = Debug|Any CPU
		{31C9C932-6376-46D4-A68A-A0A7F2726D38}.Release|Any CPU.ActiveCfg = Release|Any CPU
		{31C9C932-6376-46D4-A68A-A0A7F2726D38}.Release|Any CPU.Build.0 = Release|Any CPU
		{31C9C932-6376-46D4-A68A-A0A7F2726D38}.Release|x64.ActiveCfg = Release|Any CPU
		{31C9C932-6376-46D4-A68A-A0A7F2726D38}.Release|x64.Build.0 = Release|Any CPU
	EndGlobalSection
	GlobalSection(SolutionProperties) = preSolution
		HideSolutionNode = FALSE
	EndGlobalSection
	GlobalSection(NestedProjects) = preSolution
		{507C0CC2-082F-4EB7-8984-E2648976EB04} = {5177D1DE-AC86-41B9-8D04-41988A7C2208}
		{CA924781-AE52-45FA-A817-C39C822FB782} = {507C0CC2-082F-4EB7-8984-E2648976EB04}
		{95D6C9C7-F7A0-4125-840D-1854BEC24978} = {507C0CC2-082F-4EB7-8984-E2648976EB04}
		{EA90334D-3194-4266-81EB-EECA9C760315} = {507C0CC2-082F-4EB7-8984-E2648976EB04}
		{5C617B24-4902-4992-8F71-AB14F00B74A8} = {0AE737F5-4AA1-402F-A61C-258CA00E282C}
		{6F5D2EAD-726D-4FE5-A575-AEB96D1CCE37} = {0AE737F5-4AA1-402F-A61C-258CA00E282C}
		{EDC63DDB-8397-4AEC-BF54-6395B2527075} = {5177D1DE-AC86-41B9-8D04-41988A7C2208}
		{96980359-8003-4500-B97B-949A7FE01F31} = {5177D1DE-AC86-41B9-8D04-41988A7C2208}
		{6639DA74-9063-4A7C-9484-0A71C4FB5C18} = {5177D1DE-AC86-41B9-8D04-41988A7C2208}
		{879670A7-919B-4AF9-8AFB-7C4EDAA0CC04} = {5177D1DE-AC86-41B9-8D04-41988A7C2208}
		{2BC2A5AD-4200-41B9-A034-332BB1D7187B} = {5177D1DE-AC86-41B9-8D04-41988A7C2208}
		{BE4624F3-E565-428F-9EED-E6847530746A} = {5177D1DE-AC86-41B9-8D04-41988A7C2208}
		{31C9C932-6376-46D4-A68A-A0A7F2726D38} = {5177D1DE-AC86-41B9-8D04-41988A7C2208}
	EndGlobalSection
	GlobalSection(ExtensibilityGlobals) = postSolution
		EnterpriseLibraryConfigurationToolBinariesPath = packages\TransientFaultHandling.Core.5.1.1209.1\lib\NET4
	EndGlobalSection
EndGlobal
