
Microsoft Visual Studio Solution File, Format Version 12.00
# Visual Studio 15
VisualStudioVersion = 15.0.26430.12
MinimumVisualStudioVersion = 10.0.40219.1
Project("{FAE04EC0-301F-11D3-BF4B-00C04F79EFBC}") = "DurableTask.AzureStorage", "src\DurableTask.AzureStorage\DurableTask.AzureStorage.csproj", "{A53DDB55-A6B7-474D-B404-40E7C35005B6}"
EndProject
Project("{9A19103F-16F7-4668-BE54-9A1E7A4F7556}") = "DurableTask.Core", "src\DurableTask.Core\DurableTask.Core.csproj", "{9841B83E-CFFC-4467-8141-5F0F55B0D6FB}"
EndProject
Global
	GlobalSection(SolutionConfigurationPlatforms) = preSolution
		Debug|Any CPU = Debug|Any CPU
		Release|Any CPU = Release|Any CPU
	EndGlobalSection
	GlobalSection(ProjectConfigurationPlatforms) = postSolution
		{A53DDB55-A6B7-474D-B404-40E7C35005B6}.Debug|Any CPU.ActiveCfg = Debug|Any CPU
		{A53DDB55-A6B7-474D-B404-40E7C35005B6}.Debug|Any CPU.Build.0 = Debug|Any CPU
		{A53DDB55-A6B7-474D-B404-40E7C35005B6}.Release|Any CPU.ActiveCfg = Release|Any CPU
		{A53DDB55-A6B7-474D-B404-40E7C35005B6}.Release|Any CPU.Build.0 = Release|Any CPU
		{9841B83E-CFFC-4467-8141-5F0F55B0D6FB}.Debug|Any CPU.ActiveCfg = Debug|Any CPU
		{9841B83E-CFFC-4467-8141-5F0F55B0D6FB}.Debug|Any CPU.Build.0 = Debug|Any CPU
		{9841B83E-CFFC-4467-8141-5F0F55B0D6FB}.Release|Any CPU.ActiveCfg = Release|Any CPU
		{9841B83E-CFFC-4467-8141-5F0F55B0D6FB}.Release|Any CPU.Build.0 = Release|Any CPU
	EndGlobalSection
	GlobalSection(SolutionProperties) = preSolution
		HideSolutionNode = FALSE
	EndGlobalSection
EndGlobal
