
Microsoft Visual Studio Solution File, Format Version 12.00
# Visual Studio 2012
Project("{FAE04EC0-301F-11D3-BF4B-00C04F79EFBC}") = "TaskHubStressTest", "TaskHubStressTest\TaskHubStressTest.csproj", "{96980359-8003-4500-B97B-949A7FE01F31}"
EndProject
Project("{2150E333-8FDC-42A3-9474-1A3956D46DE8}") = ".nuget", ".nuget", "{3EB529F2-51AE-42CE-9560-706DB5B2C178}"
	ProjectSection(SolutionItems) = preProject
		.nuget\NuGet.Config = .nuget\NuGet.Config
		.nuget\NuGet.exe = .nuget\NuGet.exe
		.nuget\NuGet.targets = .nuget\NuGet.targets
	EndProjectSection
EndProject
Project("{FAE04EC0-301F-11D3-BF4B-00C04F79EFBC}") = "DurableTaskFramework", "..\..\Framework\DurableTaskFramework.csproj", "{6F5D2EAD-726D-4FE5-A575-AEB96D1CCE37}"
EndProject
Global
	GlobalSection(SolutionConfigurationPlatforms) = preSolution
		Debug|Any CPU = Debug|Any CPU
		Release|Any CPU = Release|Any CPU
	EndGlobalSection
	GlobalSection(ProjectConfigurationPlatforms) = postSolution
		{96980359-8003-4500-B97B-949A7FE01F31}.Debug|Any CPU.ActiveCfg = Debug|Any CPU
		{96980359-8003-4500-B97B-949A7FE01F31}.Debug|Any CPU.Build.0 = Debug|Any CPU
		{96980359-8003-4500-B97B-949A7FE01F31}.Release|Any CPU.ActiveCfg = Release|Any CPU
		{96980359-8003-4500-B97B-949A7FE01F31}.Release|Any CPU.Build.0 = Release|Any CPU
		{6F5D2EAD-726D-4FE5-A575-AEB96D1CCE37}.Debug|Any CPU.ActiveCfg = Debug|Any CPU
		{6F5D2EAD-726D-4FE5-A575-AEB96D1CCE37}.Debug|Any CPU.Build.0 = Debug|Any CPU
		{6F5D2EAD-726D-4FE5-A575-AEB96D1CCE37}.Release|Any CPU.ActiveCfg = Release|Any CPU
		{6F5D2EAD-726D-4FE5-A575-AEB96D1CCE37}.Release|Any CPU.Build.0 = Release|Any CPU
	EndGlobalSection
	GlobalSection(SolutionProperties) = preSolution
		HideSolutionNode = FALSE
	EndGlobalSection
EndGlobal
